// !$*UTF8*$!
{
	archiveVersion = 1;
	classes = {
	};
	objectVersion = 55;
	objects = {

/* Begin PBXBuildFile section */
		911E742E27ED23CB00B4419E /* ReminderViewController+Section.swift in Sources */ = {isa = PBXBuildFile; fileRef = 911E742D27ED23CB00B4419E /* ReminderViewController+Section.swift */; };
		911E743027ED5FE100B4419E /* ReminderViewController+CellConfiguration.swift in Sources */ = {isa = PBXBuildFile; fileRef = 911E742F27ED5FE100B4419E /* ReminderViewController+CellConfiguration.swift */; };
		911E743327EE677800B4419E /* UIView+PinnedSubview.swift in Sources */ = {isa = PBXBuildFile; fileRef = 911E743227EE677800B4419E /* UIView+PinnedSubview.swift */; };
		911E743527EE6A5800B4419E /* TextFieldContentView.swift in Sources */ = {isa = PBXBuildFile; fileRef = 911E743427EE6A5800B4419E /* TextFieldContentView.swift */; };
		911E743727EE6FFF00B4419E /* UIContentConfiguration+Stateless.swift in Sources */ = {isa = PBXBuildFile; fileRef = 911E743627EE6FFF00B4419E /* UIContentConfiguration+Stateless.swift */; };
		911E743927EE7C2100B4419E /* TextViewContentView.swift in Sources */ = {isa = PBXBuildFile; fileRef = 911E743827EE7C2100B4419E /* TextViewContentView.swift */; };
		911E743B27EE7D1800B4419E /* DatePickerContentView.swift in Sources */ = {isa = PBXBuildFile; fileRef = 911E743A27EE7D1800B4419E /* DatePickerContentView.swift */; };
		917A77FE27E3BE17001C1BBE /* AppDelegate.swift in Sources */ = {isa = PBXBuildFile; fileRef = 917A77FD27E3BE17001C1BBE /* AppDelegate.swift */; };
		917A780027E3BE17001C1BBE /* SceneDelegate.swift in Sources */ = {isa = PBXBuildFile; fileRef = 917A77FF27E3BE17001C1BBE /* SceneDelegate.swift */; };
		917A780227E3BE17001C1BBE /* ReminderListViewController.swift in Sources */ = {isa = PBXBuildFile; fileRef = 917A780127E3BE17001C1BBE /* ReminderListViewController.swift */; };
		917A780527E3BE17001C1BBE /* Main.storyboard in Resources */ = {isa = PBXBuildFile; fileRef = 917A780327E3BE17001C1BBE /* Main.storyboard */; };
		917A780727E3BE19001C1BBE /* Assets.xcassets in Resources */ = {isa = PBXBuildFile; fileRef = 917A780627E3BE19001C1BBE /* Assets.xcassets */; };
		917A780A27E3BE19001C1BBE /* LaunchScreen.storyboard in Resources */ = {isa = PBXBuildFile; fileRef = 917A780827E3BE19001C1BBE /* LaunchScreen.storyboard */; };
		917A781527E3BE19001C1BBE /* RejuvenateTests.swift in Sources */ = {isa = PBXBuildFile; fileRef = 917A781427E3BE19001C1BBE /* RejuvenateTests.swift */; };
		917A781F27E3BE19001C1BBE /* RejuvenateUITests.swift in Sources */ = {isa = PBXBuildFile; fileRef = 917A781E27E3BE19001C1BBE /* RejuvenateUITests.swift */; };
		917A782127E3BE19001C1BBE /* RejuvenateUITestsLaunchTests.swift in Sources */ = {isa = PBXBuildFile; fileRef = 917A782027E3BE19001C1BBE /* RejuvenateUITestsLaunchTests.swift */; };
		917A782F27E3D421001C1BBE /* Reminder.swift in Sources */ = {isa = PBXBuildFile; fileRef = 917A782E27E3D421001C1BBE /* Reminder.swift */; };
		917A783127E421C8001C1BBE /* UIColor+Rejuvenate.swift in Sources */ = {isa = PBXBuildFile; fileRef = 917A783027E421C8001C1BBE /* UIColor+Rejuvenate.swift */; };
		917A783327E42412001C1BBE /* Data+Rejuvenate.swift in Sources */ = {isa = PBXBuildFile; fileRef = 917A783227E42412001C1BBE /* Data+Rejuvenate.swift */; };
		917A783627E78707001C1BBE /* ReminderListViewController+DataSource.swift in Sources */ = {isa = PBXBuildFile; fileRef = 917A783527E78707001C1BBE /* ReminderListViewController+DataSource.swift */; };
		917A783927E79EBF001C1BBE /* ReminderDoneButton.swift in Sources */ = {isa = PBXBuildFile; fileRef = 917A783827E79EBF001C1BBE /* ReminderDoneButton.swift */; };
		917A783B27E7A002001C1BBE /* ReminderListViewController+Actions.swift in Sources */ = {isa = PBXBuildFile; fileRef = 917A783A27E7A002001C1BBE /* ReminderListViewController+Actions.swift */; };
		917A784127E7C1E0001C1BBE /* ReminderViewController.swift in Sources */ = {isa = PBXBuildFile; fileRef = 917A784027E7C1E0001C1BBE /* ReminderViewController.swift */; };
		917A784327E7C219001C1BBE /* ReminderViewController+Row.swift in Sources */ = {isa = PBXBuildFile; fileRef = 917A784227E7C218001C1BBE /* ReminderViewController+Row.swift */; };
		91CB3B9E27FA162B0038587B /* ReminderListStyle.swift in Sources */ = {isa = PBXBuildFile; fileRef = 91CB3B9D27FA162B0038587B /* ReminderListStyle.swift */; };
		91FA4AD427FD079500D6E224 /* ProgressHeaderView.swift in Sources */ = {isa = PBXBuildFile; fileRef = 91FA4AD327FD079500D6E224 /* ProgressHeaderView.swift */; };
		91FA4AD627FD110300D6E224 /* CAGradientLayer+ListStyle.swift in Sources */ = {isa = PBXBuildFile; fileRef = 91FA4AD527FD110300D6E224 /* CAGradientLayer+ListStyle.swift */; };
		91FA4AD827FFBA0F00D6E224 /* RejuvenateError.swift in Sources */ = {isa = PBXBuildFile; fileRef = 91FA4AD727FFBA0F00D6E224 /* RejuvenateError.swift */; };
		91FA4ADA27FFBA7E00D6E224 /* EKEventStore+AsyncFetch.swift in Sources */ = {isa = PBXBuildFile; fileRef = 91FA4AD927FFBA7E00D6E224 /* EKEventStore+AsyncFetch.swift */; };
		91FA4ADC27FFBC1100D6E224 /* Reminder+EKReminder.swift in Sources */ = {isa = PBXBuildFile; fileRef = 91FA4ADB27FFBC1100D6E224 /* Reminder+EKReminder.swift */; };
		91FA4ADE27FFBCFC00D6E224 /* ReminderStore.swift in Sources */ = {isa = PBXBuildFile; fileRef = 91FA4ADD27FFBCFC00D6E224 /* ReminderStore.swift */; };
/* End PBXBuildFile section */

/* Begin PBXContainerItemProxy section */
		917A781127E3BE19001C1BBE /* PBXContainerItemProxy */ = {
			isa = PBXContainerItemProxy;
			containerPortal = 917A77F227E3BE17001C1BBE /* Project object */;
			proxyType = 1;
			remoteGlobalIDString = 917A77F927E3BE17001C1BBE;
			remoteInfo = Rejuvenate;
		};
		917A781B27E3BE19001C1BBE /* PBXContainerItemProxy */ = {
			isa = PBXContainerItemProxy;
			containerPortal = 917A77F227E3BE17001C1BBE /* Project object */;
			proxyType = 1;
			remoteGlobalIDString = 917A77F927E3BE17001C1BBE;
			remoteInfo = Rejuvenate;
		};
/* End PBXContainerItemProxy section */

/* Begin PBXFileReference section */
		911E742D27ED23CB00B4419E /* ReminderViewController+Section.swift */ = {isa = PBXFileReference; lastKnownFileType = sourcecode.swift; path = "ReminderViewController+Section.swift"; sourceTree = "<group>"; };
		911E742F27ED5FE100B4419E /* ReminderViewController+CellConfiguration.swift */ = {isa = PBXFileReference; lastKnownFileType = sourcecode.swift; path = "ReminderViewController+CellConfiguration.swift"; sourceTree = "<group>"; };
		911E743227EE677800B4419E /* UIView+PinnedSubview.swift */ = {isa = PBXFileReference; lastKnownFileType = sourcecode.swift; path = "UIView+PinnedSubview.swift"; sourceTree = "<group>"; };
		911E743427EE6A5800B4419E /* TextFieldContentView.swift */ = {isa = PBXFileReference; lastKnownFileType = sourcecode.swift; path = TextFieldContentView.swift; sourceTree = "<group>"; };
		911E743627EE6FFF00B4419E /* UIContentConfiguration+Stateless.swift */ = {isa = PBXFileReference; lastKnownFileType = sourcecode.swift; path = "UIContentConfiguration+Stateless.swift"; sourceTree = "<group>"; };
		911E743827EE7C2100B4419E /* TextViewContentView.swift */ = {isa = PBXFileReference; lastKnownFileType = sourcecode.swift; path = TextViewContentView.swift; sourceTree = "<group>"; };
		911E743A27EE7D1800B4419E /* DatePickerContentView.swift */ = {isa = PBXFileReference; lastKnownFileType = sourcecode.swift; path = DatePickerContentView.swift; sourceTree = "<group>"; };
		917A77FA27E3BE17001C1BBE /* Rejuvenate.app */ = {isa = PBXFileReference; explicitFileType = wrapper.application; includeInIndex = 0; path = Rejuvenate.app; sourceTree = BUILT_PRODUCTS_DIR; };
		917A77FD27E3BE17001C1BBE /* AppDelegate.swift */ = {isa = PBXFileReference; lastKnownFileType = sourcecode.swift; path = AppDelegate.swift; sourceTree = "<group>"; };
		917A77FF27E3BE17001C1BBE /* SceneDelegate.swift */ = {isa = PBXFileReference; lastKnownFileType = sourcecode.swift; path = SceneDelegate.swift; sourceTree = "<group>"; };
		917A780127E3BE17001C1BBE /* ReminderListViewController.swift */ = {isa = PBXFileReference; lastKnownFileType = sourcecode.swift; path = ReminderListViewController.swift; sourceTree = "<group>"; };
		917A780427E3BE17001C1BBE /* Base */ = {isa = PBXFileReference; lastKnownFileType = file.storyboard; name = Base; path = Base.lproj/Main.storyboard; sourceTree = "<group>"; };
		917A780627E3BE19001C1BBE /* Assets.xcassets */ = {isa = PBXFileReference; lastKnownFileType = folder.assetcatalog; path = Assets.xcassets; sourceTree = "<group>"; };
		917A780927E3BE19001C1BBE /* Base */ = {isa = PBXFileReference; lastKnownFileType = file.storyboard; name = Base; path = Base.lproj/LaunchScreen.storyboard; sourceTree = "<group>"; };
		917A780B27E3BE19001C1BBE /* Info.plist */ = {isa = PBXFileReference; lastKnownFileType = text.plist.xml; path = Info.plist; sourceTree = "<group>"; };
		917A781027E3BE19001C1BBE /* RejuvenateTests.xctest */ = {isa = PBXFileReference; explicitFileType = wrapper.cfbundle; includeInIndex = 0; path = RejuvenateTests.xctest; sourceTree = BUILT_PRODUCTS_DIR; };
		917A781427E3BE19001C1BBE /* RejuvenateTests.swift */ = {isa = PBXFileReference; lastKnownFileType = sourcecode.swift; path = RejuvenateTests.swift; sourceTree = "<group>"; };
		917A781A27E3BE19001C1BBE /* RejuvenateUITests.xctest */ = {isa = PBXFileReference; explicitFileType = wrapper.cfbundle; includeInIndex = 0; path = RejuvenateUITests.xctest; sourceTree = BUILT_PRODUCTS_DIR; };
		917A781E27E3BE19001C1BBE /* RejuvenateUITests.swift */ = {isa = PBXFileReference; lastKnownFileType = sourcecode.swift; path = RejuvenateUITests.swift; sourceTree = "<group>"; };
		917A782027E3BE19001C1BBE /* RejuvenateUITestsLaunchTests.swift */ = {isa = PBXFileReference; lastKnownFileType = sourcecode.swift; path = RejuvenateUITestsLaunchTests.swift; sourceTree = "<group>"; };
		917A782E27E3D421001C1BBE /* Reminder.swift */ = {isa = PBXFileReference; lastKnownFileType = sourcecode.swift; path = Reminder.swift; sourceTree = "<group>"; };
		917A783027E421C8001C1BBE /* UIColor+Rejuvenate.swift */ = {isa = PBXFileReference; lastKnownFileType = sourcecode.swift; path = "UIColor+Rejuvenate.swift"; sourceTree = "<group>"; };
		917A783227E42412001C1BBE /* Data+Rejuvenate.swift */ = {isa = PBXFileReference; lastKnownFileType = sourcecode.swift; path = "Data+Rejuvenate.swift"; sourceTree = "<group>"; };
		917A783527E78707001C1BBE /* ReminderListViewController+DataSource.swift */ = {isa = PBXFileReference; lastKnownFileType = sourcecode.swift; path = "ReminderListViewController+DataSource.swift"; sourceTree = "<group>"; };
		917A783827E79EBF001C1BBE /* ReminderDoneButton.swift */ = {isa = PBXFileReference; lastKnownFileType = sourcecode.swift; path = ReminderDoneButton.swift; sourceTree = "<group>"; };
		917A783A27E7A002001C1BBE /* ReminderListViewController+Actions.swift */ = {isa = PBXFileReference; lastKnownFileType = sourcecode.swift; path = "ReminderListViewController+Actions.swift"; sourceTree = "<group>"; };
		917A784027E7C1E0001C1BBE /* ReminderViewController.swift */ = {isa = PBXFileReference; lastKnownFileType = sourcecode.swift; path = ReminderViewController.swift; sourceTree = "<group>"; };
		917A784227E7C218001C1BBE /* ReminderViewController+Row.swift */ = {isa = PBXFileReference; lastKnownFileType = sourcecode.swift; path = "ReminderViewController+Row.swift"; sourceTree = "<group>"; };
		91CB3B9D27FA162B0038587B /* ReminderListStyle.swift */ = {isa = PBXFileReference; lastKnownFileType = sourcecode.swift; path = ReminderListStyle.swift; sourceTree = "<group>"; };
		91FA4AD327FD079500D6E224 /* ProgressHeaderView.swift */ = {isa = PBXFileReference; lastKnownFileType = sourcecode.swift; path = ProgressHeaderView.swift; sourceTree = "<group>"; };
		91FA4AD527FD110300D6E224 /* CAGradientLayer+ListStyle.swift */ = {isa = PBXFileReference; lastKnownFileType = sourcecode.swift; path = "CAGradientLayer+ListStyle.swift"; sourceTree = "<group>"; };
		91FA4AD727FFBA0F00D6E224 /* RejuvenateError.swift */ = {isa = PBXFileReference; lastKnownFileType = sourcecode.swift; path = RejuvenateError.swift; sourceTree = "<group>"; };
		91FA4AD927FFBA7E00D6E224 /* EKEventStore+AsyncFetch.swift */ = {isa = PBXFileReference; lastKnownFileType = sourcecode.swift; path = "EKEventStore+AsyncFetch.swift"; sourceTree = "<group>"; };
		91FA4ADB27FFBC1100D6E224 /* Reminder+EKReminder.swift */ = {isa = PBXFileReference; lastKnownFileType = sourcecode.swift; path = "Reminder+EKReminder.swift"; sourceTree = "<group>"; };
		91FA4ADD27FFBCFC00D6E224 /* ReminderStore.swift */ = {isa = PBXFileReference; lastKnownFileType = sourcecode.swift; path = ReminderStore.swift; sourceTree = "<group>"; };
/* End PBXFileReference section */

/* Begin PBXFrameworksBuildPhase section */
		917A77F727E3BE17001C1BBE /* Frameworks */ = {
			isa = PBXFrameworksBuildPhase;
			buildActionMask = 2147483647;
			files = (
			);
			runOnlyForDeploymentPostprocessing = 0;
		};
		917A780D27E3BE19001C1BBE /* Frameworks */ = {
			isa = PBXFrameworksBuildPhase;
			buildActionMask = 2147483647;
			files = (
			);
			runOnlyForDeploymentPostprocessing = 0;
		};
		917A781727E3BE19001C1BBE /* Frameworks */ = {
			isa = PBXFrameworksBuildPhase;
			buildActionMask = 2147483647;
			files = (
			);
			runOnlyForDeploymentPostprocessing = 0;
		};
/* End PBXFrameworksBuildPhase section */

/* Begin PBXGroup section */
		911E743127EE672F00B4419E /* ContentViews */ = {
			isa = PBXGroup;
			children = (
				911E743227EE677800B4419E /* UIView+PinnedSubview.swift */,
				911E743427EE6A5800B4419E /* TextFieldContentView.swift */,
				911E743627EE6FFF00B4419E /* UIContentConfiguration+Stateless.swift */,
				911E743827EE7C2100B4419E /* TextViewContentView.swift */,
				911E743A27EE7D1800B4419E /* DatePickerContentView.swift */,
			);
			path = ContentViews;
			sourceTree = "<group>";
		};
		917A77F127E3BE17001C1BBE = {
			isa = PBXGroup;
			children = (
				917A77FC27E3BE17001C1BBE /* Rejuvenate */,
				917A781327E3BE19001C1BBE /* RejuvenateTests */,
				917A781D27E3BE19001C1BBE /* RejuvenateUITests */,
				917A77FB27E3BE17001C1BBE /* Products */,
			);
			sourceTree = "<group>";
		};
		917A77FB27E3BE17001C1BBE /* Products */ = {
			isa = PBXGroup;
			children = (
				917A77FA27E3BE17001C1BBE /* Rejuvenate.app */,
				917A781027E3BE19001C1BBE /* RejuvenateTests.xctest */,
				917A781A27E3BE19001C1BBE /* RejuvenateUITests.xctest */,
			);
			name = Products;
			sourceTree = "<group>";
		};
		917A77FC27E3BE17001C1BBE /* Rejuvenate */ = {
			isa = PBXGroup;
			children = (
				911E743127EE672F00B4419E /* ContentViews */,
				917A783F27E7C1C4001C1BBE /* DetailViewController */,
				917A783727E79EA0001C1BBE /* UIComponents */,
				917A782D27E3C3A0001C1BBE /* Models */,
				917A77FD27E3BE17001C1BBE /* AppDelegate.swift */,
				917A77FF27E3BE17001C1BBE /* SceneDelegate.swift */,
				917A783427E786AA001C1BBE /* ListViewController */,
				917A780327E3BE17001C1BBE /* Main.storyboard */,
				917A780627E3BE19001C1BBE /* Assets.xcassets */,
				917A780827E3BE19001C1BBE /* LaunchScreen.storyboard */,
				917A780B27E3BE19001C1BBE /* Info.plist */,
			);
			path = Rejuvenate;
			sourceTree = "<group>";
		};
		917A781327E3BE19001C1BBE /* RejuvenateTests */ = {
			isa = PBXGroup;
			children = (
				917A781427E3BE19001C1BBE /* RejuvenateTests.swift */,
			);
			path = RejuvenateTests;
			sourceTree = "<group>";
		};
		917A781D27E3BE19001C1BBE /* RejuvenateUITests */ = {
			isa = PBXGroup;
			children = (
				917A781E27E3BE19001C1BBE /* RejuvenateUITests.swift */,
				917A782027E3BE19001C1BBE /* RejuvenateUITestsLaunchTests.swift */,
			);
			path = RejuvenateUITests;
			sourceTree = "<group>";
		};
		917A782D27E3C3A0001C1BBE /* Models */ = {
			isa = PBXGroup;
			children = (
				917A782E27E3D421001C1BBE /* Reminder.swift */,
				917A783027E421C8001C1BBE /* UIColor+Rejuvenate.swift */,
				917A783227E42412001C1BBE /* Data+Rejuvenate.swift */,
				91CB3B9D27FA162B0038587B /* ReminderListStyle.swift */,
				91FA4AD527FD110300D6E224 /* CAGradientLayer+ListStyle.swift */,
				91FA4AD727FFBA0F00D6E224 /* RejuvenateError.swift */,
				91FA4AD927FFBA7E00D6E224 /* EKEventStore+AsyncFetch.swift */,
				91FA4ADB27FFBC1100D6E224 /* Reminder+EKReminder.swift */,
				91FA4ADD27FFBCFC00D6E224 /* ReminderStore.swift */,
			);
			path = Models;
			sourceTree = "<group>";
		};
		917A783427E786AA001C1BBE /* ListViewController */ = {
			isa = PBXGroup;
			children = (
				917A780127E3BE17001C1BBE /* ReminderListViewController.swift */,
				917A783527E78707001C1BBE /* ReminderListViewController+DataSource.swift */,
				917A783A27E7A002001C1BBE /* ReminderListViewController+Actions.swift */,
				91FA4AD327FD079500D6E224 /* ProgressHeaderView.swift */,
			);
			path = ListViewController;
			sourceTree = "<group>";
		};
		917A783727E79EA0001C1BBE /* UIComponents */ = {
			isa = PBXGroup;
			children = (
				917A783827E79EBF001C1BBE /* ReminderDoneButton.swift */,
			);
			path = UIComponents;
			sourceTree = "<group>";
		};
		917A783F27E7C1C4001C1BBE /* DetailViewController */ = {
			isa = PBXGroup;
			children = (
				917A784027E7C1E0001C1BBE /* ReminderViewController.swift */,
				917A784227E7C218001C1BBE /* ReminderViewController+Row.swift */,
				911E742D27ED23CB00B4419E /* ReminderViewController+Section.swift */,
				911E742F27ED5FE100B4419E /* ReminderViewController+CellConfiguration.swift */,
			);
			path = DetailViewController;
			sourceTree = "<group>";
		};
/* End PBXGroup section */

/* Begin PBXNativeTarget section */
		917A77F927E3BE17001C1BBE /* Rejuvenate */ = {
			isa = PBXNativeTarget;
			buildConfigurationList = 917A782427E3BE19001C1BBE /* Build configuration list for PBXNativeTarget "Rejuvenate" */;
			buildPhases = (
				917A77F627E3BE17001C1BBE /* Sources */,
				917A77F727E3BE17001C1BBE /* Frameworks */,
				917A77F827E3BE17001C1BBE /* Resources */,
			);
			buildRules = (
			);
			dependencies = (
			);
			name = Rejuvenate;
			productName = Rejuvenate;
			productReference = 917A77FA27E3BE17001C1BBE /* Rejuvenate.app */;
			productType = "com.apple.product-type.application";
		};
		917A780F27E3BE19001C1BBE /* RejuvenateTests */ = {
			isa = PBXNativeTarget;
			buildConfigurationList = 917A782727E3BE19001C1BBE /* Build configuration list for PBXNativeTarget "RejuvenateTests" */;
			buildPhases = (
				917A780C27E3BE19001C1BBE /* Sources */,
				917A780D27E3BE19001C1BBE /* Frameworks */,
				917A780E27E3BE19001C1BBE /* Resources */,
			);
			buildRules = (
			);
			dependencies = (
				917A781227E3BE19001C1BBE /* PBXTargetDependency */,
			);
			name = RejuvenateTests;
			productName = RejuvenateTests;
			productReference = 917A781027E3BE19001C1BBE /* RejuvenateTests.xctest */;
			productType = "com.apple.product-type.bundle.unit-test";
		};
		917A781927E3BE19001C1BBE /* RejuvenateUITests */ = {
			isa = PBXNativeTarget;
			buildConfigurationList = 917A782A27E3BE19001C1BBE /* Build configuration list for PBXNativeTarget "RejuvenateUITests" */;
			buildPhases = (
				917A781627E3BE19001C1BBE /* Sources */,
				917A781727E3BE19001C1BBE /* Frameworks */,
				917A781827E3BE19001C1BBE /* Resources */,
			);
			buildRules = (
			);
			dependencies = (
				917A781C27E3BE19001C1BBE /* PBXTargetDependency */,
			);
			name = RejuvenateUITests;
			productName = RejuvenateUITests;
			productReference = 917A781A27E3BE19001C1BBE /* RejuvenateUITests.xctest */;
			productType = "com.apple.product-type.bundle.ui-testing";
		};
/* End PBXNativeTarget section */

/* Begin PBXProject section */
		917A77F227E3BE17001C1BBE /* Project object */ = {
			isa = PBXProject;
			attributes = {
				BuildIndependentTargetsInParallel = 1;
				LastSwiftUpdateCheck = 1320;
				LastUpgradeCheck = 1320;
				TargetAttributes = {
					917A77F927E3BE17001C1BBE = {
						CreatedOnToolsVersion = 13.2.1;
					};
					917A780F27E3BE19001C1BBE = {
						CreatedOnToolsVersion = 13.2.1;
						TestTargetID = 917A77F927E3BE17001C1BBE;
					};
					917A781927E3BE19001C1BBE = {
						CreatedOnToolsVersion = 13.2.1;
						TestTargetID = 917A77F927E3BE17001C1BBE;
					};
				};
			};
			buildConfigurationList = 917A77F527E3BE17001C1BBE /* Build configuration list for PBXProject "Rejuvenate" */;
			compatibilityVersion = "Xcode 13.0";
			developmentRegion = en;
			hasScannedForEncodings = 0;
			knownRegions = (
				en,
				Base,
			);
			mainGroup = 917A77F127E3BE17001C1BBE;
			productRefGroup = 917A77FB27E3BE17001C1BBE /* Products */;
			projectDirPath = "";
			projectRoot = "";
			targets = (
				917A77F927E3BE17001C1BBE /* Rejuvenate */,
				917A780F27E3BE19001C1BBE /* RejuvenateTests */,
				917A781927E3BE19001C1BBE /* RejuvenateUITests */,
			);
		};
/* End PBXProject section */

/* Begin PBXResourcesBuildPhase section */
		917A77F827E3BE17001C1BBE /* Resources */ = {
			isa = PBXResourcesBuildPhase;
			buildActionMask = 2147483647;
			files = (
				917A780A27E3BE19001C1BBE /* LaunchScreen.storyboard in Resources */,
				917A780727E3BE19001C1BBE /* Assets.xcassets in Resources */,
				917A780527E3BE17001C1BBE /* Main.storyboard in Resources */,
			);
			runOnlyForDeploymentPostprocessing = 0;
		};
		917A780E27E3BE19001C1BBE /* Resources */ = {
			isa = PBXResourcesBuildPhase;
			buildActionMask = 2147483647;
			files = (
			);
			runOnlyForDeploymentPostprocessing = 0;
		};
		917A781827E3BE19001C1BBE /* Resources */ = {
			isa = PBXResourcesBuildPhase;
			buildActionMask = 2147483647;
			files = (
			);
			runOnlyForDeploymentPostprocessing = 0;
		};
/* End PBXResourcesBuildPhase section */

/* Begin PBXSourcesBuildPhase section */
		917A77F627E3BE17001C1BBE /* Sources */ = {
			isa = PBXSourcesBuildPhase;
			buildActionMask = 2147483647;
			files = (
				91FA4AD427FD079500D6E224 /* ProgressHeaderView.swift in Sources */,
				911E743327EE677800B4419E /* UIView+PinnedSubview.swift in Sources */,
				911E742E27ED23CB00B4419E /* ReminderViewController+Section.swift in Sources */,
				911E743B27EE7D1800B4419E /* DatePickerContentView.swift in Sources */,
				917A780227E3BE17001C1BBE /* ReminderListViewController.swift in Sources */,
				917A783B27E7A002001C1BBE /* ReminderListViewController+Actions.swift in Sources */,
				917A784127E7C1E0001C1BBE /* ReminderViewController.swift in Sources */,
				91CB3B9E27FA162B0038587B /* ReminderListStyle.swift in Sources */,
				911E743727EE6FFF00B4419E /* UIContentConfiguration+Stateless.swift in Sources */,
				91FA4AD827FFBA0F00D6E224 /* RejuvenateError.swift in Sources */,
				917A77FE27E3BE17001C1BBE /* AppDelegate.swift in Sources */,
				917A783127E421C8001C1BBE /* UIColor+Rejuvenate.swift in Sources */,
				911E743527EE6A5800B4419E /* TextFieldContentView.swift in Sources */,
				911E743927EE7C2100B4419E /* TextViewContentView.swift in Sources */,
				917A784327E7C219001C1BBE /* ReminderViewController+Row.swift in Sources */,
				917A783927E79EBF001C1BBE /* ReminderDoneButton.swift in Sources */,
				917A780027E3BE17001C1BBE /* SceneDelegate.swift in Sources */,
				911E743027ED5FE100B4419E /* ReminderViewController+CellConfiguration.swift in Sources */,
				917A783627E78707001C1BBE /* ReminderListViewController+DataSource.swift in Sources */,
				91FA4ADC27FFBC1100D6E224 /* Reminder+EKReminder.swift in Sources */,
				91FA4ADA27FFBA7E00D6E224 /* EKEventStore+AsyncFetch.swift in Sources */,
				917A783327E42412001C1BBE /* Data+Rejuvenate.swift in Sources */,
				91FA4AD627FD110300D6E224 /* CAGradientLayer+ListStyle.swift in Sources */,
				917A782F27E3D421001C1BBE /* Reminder.swift in Sources */,
				91FA4ADE27FFBCFC00D6E224 /* ReminderStore.swift in Sources */,
			);
			runOnlyForDeploymentPostprocessing = 0;
		};
		917A780C27E3BE19001C1BBE /* Sources */ = {
			isa = PBXSourcesBuildPhase;
			buildActionMask = 2147483647;
			files = (
				917A781527E3BE19001C1BBE /* RejuvenateTests.swift in Sources */,
			);
			runOnlyForDeploymentPostprocessing = 0;
		};
		917A781627E3BE19001C1BBE /* Sources */ = {
			isa = PBXSourcesBuildPhase;
			buildActionMask = 2147483647;
			files = (
				917A781F27E3BE19001C1BBE /* RejuvenateUITests.swift in Sources */,
				917A782127E3BE19001C1BBE /* RejuvenateUITestsLaunchTests.swift in Sources */,
			);
			runOnlyForDeploymentPostprocessing = 0;
		};
/* End PBXSourcesBuildPhase section */

/* Begin PBXTargetDependency section */
		917A781227E3BE19001C1BBE /* PBXTargetDependency */ = {
			isa = PBXTargetDependency;
			target = 917A77F927E3BE17001C1BBE /* Rejuvenate */;
			targetProxy = 917A781127E3BE19001C1BBE /* PBXContainerItemProxy */;
		};
		917A781C27E3BE19001C1BBE /* PBXTargetDependency */ = {
			isa = PBXTargetDependency;
			target = 917A77F927E3BE17001C1BBE /* Rejuvenate */;
			targetProxy = 917A781B27E3BE19001C1BBE /* PBXContainerItemProxy */;
		};
/* End PBXTargetDependency section */

/* Begin PBXVariantGroup section */
		917A780327E3BE17001C1BBE /* Main.storyboard */ = {
			isa = PBXVariantGroup;
			children = (
				917A780427E3BE17001C1BBE /* Base */,
			);
			name = Main.storyboard;
			sourceTree = "<group>";
			usesTabs = 0;
		};
		917A780827E3BE19001C1BBE /* LaunchScreen.storyboard */ = {
			isa = PBXVariantGroup;
			children = (
				917A780927E3BE19001C1BBE /* Base */,
			);
			name = LaunchScreen.storyboard;
			sourceTree = "<group>";
		};
/* End PBXVariantGroup section */

/* Begin XCBuildConfiguration section */
		917A782227E3BE19001C1BBE /* Debug */ = {
			isa = XCBuildConfiguration;
			buildSettings = {
				ALWAYS_SEARCH_USER_PATHS = NO;
				CLANG_ANALYZER_NONNULL = YES;
				CLANG_ANALYZER_NUMBER_OBJECT_CONVERSION = YES_AGGRESSIVE;
				CLANG_CXX_LANGUAGE_STANDARD = "gnu++17";
				CLANG_CXX_LIBRARY = "libc++";
				CLANG_ENABLE_MODULES = YES;
				CLANG_ENABLE_OBJC_ARC = YES;
				CLANG_ENABLE_OBJC_WEAK = YES;
				CLANG_WARN_BLOCK_CAPTURE_AUTORELEASING = YES;
				CLANG_WARN_BOOL_CONVERSION = YES;
				CLANG_WARN_COMMA = YES;
				CLANG_WARN_CONSTANT_CONVERSION = YES;
				CLANG_WARN_DEPRECATED_OBJC_IMPLEMENTATIONS = YES;
				CLANG_WARN_DIRECT_OBJC_ISA_USAGE = YES_ERROR;
				CLANG_WARN_DOCUMENTATION_COMMENTS = YES;
				CLANG_WARN_EMPTY_BODY = YES;
				CLANG_WARN_ENUM_CONVERSION = YES;
				CLANG_WARN_INFINITE_RECURSION = YES;
				CLANG_WARN_INT_CONVERSION = YES;
				CLANG_WARN_NON_LITERAL_NULL_CONVERSION = YES;
				CLANG_WARN_OBJC_IMPLICIT_RETAIN_SELF = YES;
				CLANG_WARN_OBJC_LITERAL_CONVERSION = YES;
				CLANG_WARN_OBJC_ROOT_CLASS = YES_ERROR;
				CLANG_WARN_QUOTED_INCLUDE_IN_FRAMEWORK_HEADER = YES;
				CLANG_WARN_RANGE_LOOP_ANALYSIS = YES;
				CLANG_WARN_STRICT_PROTOTYPES = YES;
				CLANG_WARN_SUSPICIOUS_MOVE = YES;
				CLANG_WARN_UNGUARDED_AVAILABILITY = YES_AGGRESSIVE;
				CLANG_WARN_UNREACHABLE_CODE = YES;
				CLANG_WARN__DUPLICATE_METHOD_MATCH = YES;
				COPY_PHASE_STRIP = NO;
				DEBUG_INFORMATION_FORMAT = dwarf;
				ENABLE_STRICT_OBJC_MSGSEND = YES;
				ENABLE_TESTABILITY = YES;
				GCC_C_LANGUAGE_STANDARD = gnu11;
				GCC_DYNAMIC_NO_PIC = NO;
				GCC_NO_COMMON_BLOCKS = YES;
				GCC_OPTIMIZATION_LEVEL = 0;
				GCC_PREPROCESSOR_DEFINITIONS = (
					"DEBUG=1",
					"$(inherited)",
				);
				GCC_WARN_64_TO_32_BIT_CONVERSION = YES;
				GCC_WARN_ABOUT_RETURN_TYPE = YES_ERROR;
				GCC_WARN_UNDECLARED_SELECTOR = YES;
				GCC_WARN_UNINITIALIZED_AUTOS = YES_AGGRESSIVE;
				GCC_WARN_UNUSED_FUNCTION = YES;
				GCC_WARN_UNUSED_VARIABLE = YES;
				IPHONEOS_DEPLOYMENT_TARGET = 15.2;
				MTL_ENABLE_DEBUG_INFO = INCLUDE_SOURCE;
				MTL_FAST_MATH = YES;
				ONLY_ACTIVE_ARCH = YES;
				SDKROOT = iphoneos;
				SWIFT_ACTIVE_COMPILATION_CONDITIONS = DEBUG;
				SWIFT_OPTIMIZATION_LEVEL = "-Onone";
			};
			name = Debug;
		};
		917A782327E3BE19001C1BBE /* Release */ = {
			isa = XCBuildConfiguration;
			buildSettings = {
				ALWAYS_SEARCH_USER_PATHS = NO;
				CLANG_ANALYZER_NONNULL = YES;
				CLANG_ANALYZER_NUMBER_OBJECT_CONVERSION = YES_AGGRESSIVE;
				CLANG_CXX_LANGUAGE_STANDARD = "gnu++17";
				CLANG_CXX_LIBRARY = "libc++";
				CLANG_ENABLE_MODULES = YES;
				CLANG_ENABLE_OBJC_ARC = YES;
				CLANG_ENABLE_OBJC_WEAK = YES;
				CLANG_WARN_BLOCK_CAPTURE_AUTORELEASING = YES;
				CLANG_WARN_BOOL_CONVERSION = YES;
				CLANG_WARN_COMMA = YES;
				CLANG_WARN_CONSTANT_CONVERSION = YES;
				CLANG_WARN_DEPRECATED_OBJC_IMPLEMENTATIONS = YES;
				CLANG_WARN_DIRECT_OBJC_ISA_USAGE = YES_ERROR;
				CLANG_WARN_DOCUMENTATION_COMMENTS = YES;
				CLANG_WARN_EMPTY_BODY = YES;
				CLANG_WARN_ENUM_CONVERSION = YES;
				CLANG_WARN_INFINITE_RECURSION = YES;
				CLANG_WARN_INT_CONVERSION = YES;
				CLANG_WARN_NON_LITERAL_NULL_CONVERSION = YES;
				CLANG_WARN_OBJC_IMPLICIT_RETAIN_SELF = YES;
				CLANG_WARN_OBJC_LITERAL_CONVERSION = YES;
				CLANG_WARN_OBJC_ROOT_CLASS = YES_ERROR;
				CLANG_WARN_QUOTED_INCLUDE_IN_FRAMEWORK_HEADER = YES;
				CLANG_WARN_RANGE_LOOP_ANALYSIS = YES;
				CLANG_WARN_STRICT_PROTOTYPES = YES;
				CLANG_WARN_SUSPICIOUS_MOVE = YES;
				CLANG_WARN_UNGUARDED_AVAILABILITY = YES_AGGRESSIVE;
				CLANG_WARN_UNREACHABLE_CODE = YES;
				CLANG_WARN__DUPLICATE_METHOD_MATCH = YES;
				COPY_PHASE_STRIP = NO;
				DEBUG_INFORMATION_FORMAT = "dwarf-with-dsym";
				ENABLE_NS_ASSERTIONS = NO;
				ENABLE_STRICT_OBJC_MSGSEND = YES;
				GCC_C_LANGUAGE_STANDARD = gnu11;
				GCC_NO_COMMON_BLOCKS = YES;
				GCC_WARN_64_TO_32_BIT_CONVERSION = YES;
				GCC_WARN_ABOUT_RETURN_TYPE = YES_ERROR;
				GCC_WARN_UNDECLARED_SELECTOR = YES;
				GCC_WARN_UNINITIALIZED_AUTOS = YES_AGGRESSIVE;
				GCC_WARN_UNUSED_FUNCTION = YES;
				GCC_WARN_UNUSED_VARIABLE = YES;
				IPHONEOS_DEPLOYMENT_TARGET = 15.2;
				MTL_ENABLE_DEBUG_INFO = NO;
				MTL_FAST_MATH = YES;
				SDKROOT = iphoneos;
				SWIFT_COMPILATION_MODE = wholemodule;
				SWIFT_OPTIMIZATION_LEVEL = "-O";
				VALIDATE_PRODUCT = YES;
			};
			name = Release;
		};
		917A782527E3BE19001C1BBE /* Debug */ = {
			isa = XCBuildConfiguration;
			buildSettings = {
				ASSETCATALOG_COMPILER_APPICON_NAME = AppIcon;
				ASSETCATALOG_COMPILER_GLOBAL_ACCENT_COLOR_NAME = AccentColor;
				CODE_SIGN_STYLE = Automatic;
				CURRENT_PROJECT_VERSION = 1;
				DEVELOPMENT_TEAM = 376Q6SY93B;
				GENERATE_INFOPLIST_FILE = YES;
				INFOPLIST_FILE = Rejuvenate/Info.plist;
				INFOPLIST_KEY_NSRemindersUsageDescription = "Your reminders can help you stay on track. ";
				INFOPLIST_KEY_UIApplicationSupportsIndirectInputEvents = YES;
				INFOPLIST_KEY_UILaunchStoryboardName = LaunchScreen;
				INFOPLIST_KEY_UIMainStoryboardFile = Main;
				INFOPLIST_KEY_UISupportedInterfaceOrientations_iPad = "UIInterfaceOrientationPortrait UIInterfaceOrientationPortraitUpsideDown UIInterfaceOrientationLandscapeLeft UIInterfaceOrientationLandscapeRight";
				INFOPLIST_KEY_UISupportedInterfaceOrientations_iPhone = "UIInterfaceOrientationPortrait UIInterfaceOrientationLandscapeLeft UIInterfaceOrientationLandscapeRight";
				LD_RUNPATH_SEARCH_PATHS = (
					"$(inherited)",
					"@executable_path/Frameworks",
				);
				MARKETING_VERSION = 1.0;
				PRODUCT_BUNDLE_IDENTIFIER = com.rchang0501.Rejuvenate;
				PRODUCT_NAME = "$(TARGET_NAME)";
				SWIFT_EMIT_LOC_STRINGS = YES;
				SWIFT_VERSION = 5.0;
				TARGETED_DEVICE_FAMILY = "1,2";
			};
			name = Debug;
		};
		917A782627E3BE19001C1BBE /* Release */ = {
			isa = XCBuildConfiguration;
			buildSettings = {
				ASSETCATALOG_COMPILER_APPICON_NAME = AppIcon;
				ASSETCATALOG_COMPILER_GLOBAL_ACCENT_COLOR_NAME = AccentColor;
				CODE_SIGN_STYLE = Automatic;
				CURRENT_PROJECT_VERSION = 1;
				DEVELOPMENT_TEAM = 376Q6SY93B;
				GENERATE_INFOPLIST_FILE = YES;
				INFOPLIST_FILE = Rejuvenate/Info.plist;
				INFOPLIST_KEY_NSRemindersUsageDescription = "Your reminders can help you stay on track. ";
				INFOPLIST_KEY_UIApplicationSupportsIndirectInputEvents = YES;
				INFOPLIST_KEY_UILaunchStoryboardName = LaunchScreen;
				INFOPLIST_KEY_UIMainStoryboardFile = Main;
				INFOPLIST_KEY_UISupportedInterfaceOrientations_iPad = "UIInterfaceOrientationPortrait UIInterfaceOrientationPortraitUpsideDown UIInterfaceOrientationLandscapeLeft UIInterfaceOrientationLandscapeRight";
				INFOPLIST_KEY_UISupportedInterfaceOrientations_iPhone = "UIInterfaceOrientationPortrait UIInterfaceOrientationLandscapeLeft UIInterfaceOrientationLandscapeRight";
				LD_RUNPATH_SEARCH_PATHS = (
					"$(inherited)",
					"@executable_path/Frameworks",
				);
				MARKETING_VERSION = 1.0;
				PRODUCT_BUNDLE_IDENTIFIER = com.rchang0501.Rejuvenate;
				PRODUCT_NAME = "$(TARGET_NAME)";
				SWIFT_EMIT_LOC_STRINGS = YES;
				SWIFT_VERSION = 5.0;
				TARGETED_DEVICE_FAMILY = "1,2";
			};
			name = Release;
		};
		917A782827E3BE19001C1BBE /* Debug */ = {
			isa = XCBuildConfiguration;
			buildSettings = {
				ALWAYS_EMBED_SWIFT_STANDARD_LIBRARIES = YES;
				BUNDLE_LOADER = "$(TEST_HOST)";
				CODE_SIGN_STYLE = Automatic;
				CURRENT_PROJECT_VERSION = 1;
				DEVELOPMENT_TEAM = 376Q6SY93B;
				GENERATE_INFOPLIST_FILE = YES;
				IPHONEOS_DEPLOYMENT_TARGET = 15.2;
				MARKETING_VERSION = 1.0;
				PRODUCT_BUNDLE_IDENTIFIER = com.rchang0501.RejuvenateTests;
				PRODUCT_NAME = "$(TARGET_NAME)";
				SWIFT_EMIT_LOC_STRINGS = NO;
				SWIFT_VERSION = 5.0;
				TARGETED_DEVICE_FAMILY = "1,2";
				TEST_HOST = "$(BUILT_PRODUCTS_DIR)/Rejuvenate.app/Rejuvenate";
			};
			name = Debug;
		};
		917A782927E3BE19001C1BBE /* Release */ = {
			isa = XCBuildConfiguration;
			buildSettings = {
				ALWAYS_EMBED_SWIFT_STANDARD_LIBRARIES = YES;
				BUNDLE_LOADER = "$(TEST_HOST)";
				CODE_SIGN_STYLE = Automatic;
				CURRENT_PROJECT_VERSION = 1;
				DEVELOPMENT_TEAM = 376Q6SY93B;
				GENERATE_INFOPLIST_FILE = YES;
				IPHONEOS_DEPLOYMENT_TARGET = 15.2;
				MARKETING_VERSION = 1.0;
				PRODUCT_BUNDLE_IDENTIFIER = com.rchang0501.RejuvenateTests;
				PRODUCT_NAME = "$(TARGET_NAME)";
				SWIFT_EMIT_LOC_STRINGS = NO;
				SWIFT_VERSION = 5.0;
				TARGETED_DEVICE_FAMILY = "1,2";
				TEST_HOST = "$(BUILT_PRODUCTS_DIR)/Rejuvenate.app/Rejuvenate";
			};
			name = Release;
		};
		917A782B27E3BE19001C1BBE /* Debug */ = {
			isa = XCBuildConfiguration;
			buildSettings = {
				ALWAYS_EMBED_SWIFT_STANDARD_LIBRARIES = YES;
				CODE_SIGN_STYLE = Automatic;
				CURRENT_PROJECT_VERSION = 1;
				DEVELOPMENT_TEAM = 376Q6SY93B;
				GENERATE_INFOPLIST_FILE = YES;
				MARKETING_VERSION = 1.0;
				PRODUCT_BUNDLE_IDENTIFIER = com.rchang0501.RejuvenateUITests;
				PRODUCT_NAME = "$(TARGET_NAME)";
				SWIFT_EMIT_LOC_STRINGS = NO;
				SWIFT_VERSION = 5.0;
				TARGETED_DEVICE_FAMILY = "1,2";
				TEST_TARGET_NAME = Rejuvenate;
			};
			name = Debug;
		};
		917A782C27E3BE19001C1BBE /* Release */ = {
			isa = XCBuildConfiguration;
			buildSettings = {
				ALWAYS_EMBED_SWIFT_STANDARD_LIBRARIES = YES;
				CODE_SIGN_STYLE = Automatic;
				CURRENT_PROJECT_VERSION = 1;
				DEVELOPMENT_TEAM = 376Q6SY93B;
				GENERATE_INFOPLIST_FILE = YES;
				MARKETING_VERSION = 1.0;
				PRODUCT_BUNDLE_IDENTIFIER = com.rchang0501.RejuvenateUITests;
				PRODUCT_NAME = "$(TARGET_NAME)";
				SWIFT_EMIT_LOC_STRINGS = NO;
				SWIFT_VERSION = 5.0;
				TARGETED_DEVICE_FAMILY = "1,2";
				TEST_TARGET_NAME = Rejuvenate;
			};
			name = Release;
		};
/* End XCBuildConfiguration section */

/* Begin XCConfigurationList section */
		917A77F527E3BE17001C1BBE /* Build configuration list for PBXProject "Rejuvenate" */ = {
			isa = XCConfigurationList;
			buildConfigurations = (
				917A782227E3BE19001C1BBE /* Debug */,
				917A782327E3BE19001C1BBE /* Release */,
			);
			defaultConfigurationIsVisible = 0;
			defaultConfigurationName = Release;
		};
		917A782427E3BE19001C1BBE /* Build configuration list for PBXNativeTarget "Rejuvenate" */ = {
			isa = XCConfigurationList;
			buildConfigurations = (
				917A782527E3BE19001C1BBE /* Debug */,
				917A782627E3BE19001C1BBE /* Release */,
			);
			defaultConfigurationIsVisible = 0;
			defaultConfigurationName = Release;
		};
		917A782727E3BE19001C1BBE /* Build configuration list for PBXNativeTarget "RejuvenateTests" */ = {
			isa = XCConfigurationList;
			buildConfigurations = (
				917A782827E3BE19001C1BBE /* Debug */,
				917A782927E3BE19001C1BBE /* Release */,
			);
			defaultConfigurationIsVisible = 0;
			defaultConfigurationName = Release;
		};
		917A782A27E3BE19001C1BBE /* Build configuration list for PBXNativeTarget "RejuvenateUITests" */ = {
			isa = XCConfigurationList;
			buildConfigurations = (
				917A782B27E3BE19001C1BBE /* Debug */,
				917A782C27E3BE19001C1BBE /* Release */,
			);
			defaultConfigurationIsVisible = 0;
			defaultConfigurationName = Release;
		};
/* End XCConfigurationList section */
	};
	rootObject = 917A77F227E3BE17001C1BBE /* Project object */;
}
